
Microsoft Visual Studio Solution File, Format Version 12.00
# Visual Studio Version 16
VisualStudioVersion = 16.0.31702.278
MinimumVisualStudioVersion = 10.0.40219.1
Project("{FAE04EC0-301F-11D3-BF4B-00C04F79EFBC}") = "BookStoreGUI", "LoginPage\BookStoreGUI.csproj", "{33871C9D-D6E4-4434-8030-9098FC521DB1}"
EndProject
Project("{FAE04EC0-301F-11D3-BF4B-00C04F79EFBC}") = "BookStoreLIB", "UnitTestLoginPage\BookStoreLIB.csproj", "{3482BC05-113D-423E-ADF7-1D84B2A5E1E4}"
EndProject
Global
	GlobalSection(SolutionConfigurationPlatforms) = preSolution
		Debug|Any CPU = Debug|Any CPU
		Release|Any CPU = Release|Any CPU
	EndGlobalSection
	GlobalSection(ProjectConfigurationPlatforms) = postSolution
		{33871C9D-D6E4-4434-8030-9098FC521DB1}.Debug|Any CPU.ActiveCfg = Debug|Any CPU
		{33871C9D-D6E4-4434-8030-9098FC521DB1}.Debug|Any CPU.Build.0 = Debug|Any CPU
		{33871C9D-D6E4-4434-8030-9098FC521DB1}.Release|Any CPU.ActiveCfg = Release|Any CPU
		{33871C9D-D6E4-4434-8030-9098FC521DB1}.Release|Any CPU.Build.0 = Release|Any CPU
		{3482BC05-113D-423E-ADF7-1D84B2A5E1E4}.Debug|Any CPU.ActiveCfg = Debug|Any CPU
		{3482BC05-113D-423E-ADF7-1D84B2A5E1E4}.Debug|Any CPU.Build.0 = Debug|Any CPU
		{3482BC05-113D-423E-ADF7-1D84B2A5E1E4}.Release|Any CPU.ActiveCfg = Release|Any CPU
		{3482BC05-113D-423E-ADF7-1D84B2A5E1E4}.Release|Any CPU.Build.0 = Release|Any CPU
	EndGlobalSection
	GlobalSection(SolutionProperties) = preSolution
		HideSolutionNode = FALSE
	EndGlobalSection
	GlobalSection(ExtensibilityGlobals) = postSolution
		SolutionGuid = {4A4D5C84-BFE4-4BF9-9F5B-7F02F9865BD6}
	EndGlobalSection
EndGlobal
