
Microsoft Visual Studio Solution File, Format Version 12.00
# Visual Studio Version 16
VisualStudioVersion = 16.0.31624.102
MinimumVisualStudioVersion = 10.0.40219.1
Project("{FAE04EC0-301F-11D3-BF4B-00C04F79EFBC}") = "testing", "testing\testing.csproj", "{6FACAA09-9037-4E1F-9143-2FC89008295D}"
EndProject
Global
	GlobalSection(SolutionConfigurationPlatforms) = preSolution
		Debug|Any CPU = Debug|Any CPU
		Release|Any CPU = Release|Any CPU
	EndGlobalSection
	GlobalSection(ProjectConfigurationPlatforms) = postSolution
		{6FACAA09-9037-4E1F-9143-2FC89008295D}.Debug|Any CPU.ActiveCfg = Debug|Any CPU
		{6FACAA09-9037-4E1F-9143-2FC89008295D}.Debug|Any CPU.Build.0 = Debug|Any CPU
		{6FACAA09-9037-4E1F-9143-2FC89008295D}.Release|Any CPU.ActiveCfg = Release|Any CPU
		{6FACAA09-9037-4E1F-9143-2FC89008295D}.Release|Any CPU.Build.0 = Release|Any CPU
	EndGlobalSection
	GlobalSection(SolutionProperties) = preSolution
		HideSolutionNode = FALSE
	EndGlobalSection
	GlobalSection(ExtensibilityGlobals) = postSolution
		SolutionGuid = {DE663AA9-BA81-4273-9E41-E935D7F8A192}
	EndGlobalSection
EndGlobal
